
Microsoft Visual Studio Solution File, Format Version 12.00
# Visual Studio Version 17
VisualStudioVersion = 17.11.35327.3
MinimumVisualStudioVersion = 10.0.40219.1
Project("{FAE04EC0-301F-11D3-BF4B-00C04F79EFBC}") = "ArknightsUpdater", "ArknightsUpdater\ArknightsUpdater.csproj", "{2CB94D4C-5C93-4FD4-8FA7-1018C1B56162}"
EndProject
Global
	GlobalSection(SolutionConfigurationPlatforms) = preSolution
		Debug|Any CPU = Debug|Any CPU
		Release|Any CPU = Release|Any CPU
	EndGlobalSection
	GlobalSection(ProjectConfigurationPlatforms) = postSolution
		{2CB94D4C-5C93-4FD4-8FA7-1018C1B56162}.Debug|Any CPU.ActiveCfg = Debug|Any CPU
		{2CB94D4C-5C93-4FD4-8FA7-1018C1B56162}.Debug|Any CPU.Build.0 = Debug|Any CPU
		{2CB94D4C-5C93-4FD4-8FA7-1018C1B56162}.Release|Any CPU.ActiveCfg = Release|Any CPU
		{2CB94D4C-5C93-4FD4-8FA7-1018C1B56162}.Release|Any CPU.Build.0 = Release|Any CPU
	EndGlobalSection
	GlobalSection(SolutionProperties) = preSolution
		HideSolutionNode = FALSE
	EndGlobalSection
	GlobalSection(ExtensibilityGlobals) = postSolution
		SolutionGuid = {89F14A77-013A-4A85-814D-B37F6AF0F7BF}
	EndGlobalSection
EndGlobal
